// !$*UTF8*$!
{
	archiveVersion = 1;
	classes = {
	};
	objectVersion = 46;
	objects = {

/* Begin PBXBuildFile section */
		2B1035A31DBB9AE500B70C8B /* main.m in Sources */ = {isa = PBXBuildFile; fileRef = 2B1035A21DBB9AE500B70C8B /* main.m */; };
		2B1035A61DBB9AE500B70C8B /* AppDelegate.m in Sources */ = {isa = PBXBuildFile; fileRef = 2B1035A51DBB9AE500B70C8B /* AppDelegate.m */; };
		2B1035A91DBB9AE500B70C8B /* ViewController.m in Sources */ = {isa = PBXBuildFile; fileRef = 2B1035A81DBB9AE500B70C8B /* ViewController.m */; };
		2B1035AC1DBB9AE500B70C8B /* Main.storyboard in Resources */ = {isa = PBXBuildFile; fileRef = 2B1035AA1DBB9AE500B70C8B /* Main.storyboard */; };
		2B1035AE1DBB9AE500B70C8B /* Assets.xcassets in Resources */ = {isa = PBXBuildFile; fileRef = 2B1035AD1DBB9AE500B70C8B /* Assets.xcassets */; };
		2B1035B11DBB9AE500B70C8B /* LaunchScreen.storyboard in Resources */ = {isa = PBXBuildFile; fileRef = 2B1035AF1DBB9AE500B70C8B /* LaunchScreen.storyboard */; };
		2B1035BC1DBB9AE500B70C8B /* AFNetworkingDemoTests.m in Sources */ = {isa = PBXBuildFile; fileRef = 2B1035BB1DBB9AE500B70C8B /* AFNetworkingDemoTests.m */; };
		2B1035C71DBB9AE500B70C8B /* AFNetworkingDemoUITests.m in Sources */ = {isa = PBXBuildFile; fileRef = 2B1035C61DBB9AE500B70C8B /* AFNetworkingDemoUITests.m */; };
/* End PBXBuildFile section */

/* Begin PBXContainerItemProxy section */
		2B1035B81DBB9AE500B70C8B /* PBXContainerItemProxy */ = {
			isa = PBXContainerItemProxy;
			containerPortal = 2B1035961DBB9AE500B70C8B /* Project object */;
			proxyType = 1;
			remoteGlobalIDString = 2B10359D1DBB9AE500B70C8B;
			remoteInfo = AFNetworkingDemo;
		};
		2B1035C31DBB9AE500B70C8B /* PBXContainerItemProxy */ = {
			isa = PBXContainerItemProxy;
			containerPortal = 2B1035961DBB9AE500B70C8B /* Project object */;
			proxyType = 1;
			remoteGlobalIDString = 2B10359D1DBB9AE500B70C8B;
			remoteInfo = AFNetworkingDemo;
		};
/* End PBXContainerItemProxy section */

/* Begin PBXFileReference section */
		2B10359E1DBB9AE500B70C8B /* AFNetworkingDemo.app */ = {isa = PBXFileReference; explicitFileType = wrapper.application; includeInIndex = 0; path = AFNetworkingDemo.app; sourceTree = BUILT_PRODUCTS_DIR; };
		2B1035A21DBB9AE500B70C8B /* main.m */ = {isa = PBXFileReference; lastKnownFileType = sourcecode.c.objc; path = main.m; sourceTree = "<group>"; };
		2B1035A41DBB9AE500B70C8B /* AppDelegate.h */ = {isa = PBXFileReference; lastKnownFileType = sourcecode.c.h; path = AppDelegate.h; sourceTree = "<group>"; };
		2B1035A51DBB9AE500B70C8B /* AppDelegate.m */ = {isa = PBXFileReference; lastKnownFileType = sourcecode.c.objc; path = AppDelegate.m; sourceTree = "<group>"; };
		2B1035A71DBB9AE500B70C8B /* ViewController.h */ = {isa = PBXFileReference; lastKnownFileType = sourcecode.c.h; path = ViewController.h; sourceTree = "<group>"; };
		2B1035A81DBB9AE500B70C8B /* ViewController.m */ = {isa = PBXFileReference; lastKnownFileType = sourcecode.c.objc; path = ViewController.m; sourceTree = "<group>"; };
		2B1035AB1DBB9AE500B70C8B /* Base */ = {isa = PBXFileReference; lastKnownFileType = file.storyboard; name = Base; path = Base.lproj/Main.storyboard; sourceTree = "<group>"; };
		2B1035AD1DBB9AE500B70C8B /* Assets.xcassets */ = {isa = PBXFileReference; lastKnownFileType = folder.assetcatalog; path = Assets.xcassets; sourceTree = "<group>"; };
		2B1035B01DBB9AE500B70C8B /* Base */ = {isa = PBXFileReference; lastKnownFileType = file.storyboard; name = Base; path = Base.lproj/LaunchScreen.storyboard; sourceTree = "<group>"; };
		2B1035B21DBB9AE500B70C8B /* Info.plist */ = {isa = PBXFileReference; lastKnownFileType = text.plist.xml; path = Info.plist; sourceTree = "<group>"; };
		2B1035B71DBB9AE500B70C8B /* AFNetworkingDemoTests.xctest */ = {isa = PBXFileReference; explicitFileType = wrapper.cfbundle; includeInIndex = 0; path = AFNetworkingDemoTests.xctest; sourceTree = BUILT_PRODUCTS_DIR; };
		2B1035BB1DBB9AE500B70C8B /* AFNetworkingDemoTests.m */ = {isa = PBXFileReference; lastKnownFileType = sourcecode.c.objc; path = AFNetworkingDemoTests.m; sourceTree = "<group>"; };
		2B1035BD1DBB9AE500B70C8B /* Info.plist */ = {isa = PBXFileReference; lastKnownFileType = text.plist.xml; path = Info.plist; sourceTree = "<group>"; };
		2B1035C21DBB9AE500B70C8B /* AFNetworkingDemoUITests.xctest */ = {isa = PBXFileReference; explicitFileType = wrapper.cfbundle; includeInIndex = 0; path = AFNetworkingDemoUITests.xctest; sourceTree = BUILT_PRODUCTS_DIR; };
		2B1035C61DBB9AE500B70C8B /* AFNetworkingDemoUITests.m */ = {isa = PBXFileReference; lastKnownFileType = sourcecode.c.objc; path = AFNetworkingDemoUITests.m; sourceTree = "<group>"; };
		2B1035C81DBB9AE500B70C8B /* Info.plist */ = {isa = PBXFileReference; lastKnownFileType = text.plist.xml; path = Info.plist; sourceTree = "<group>"; };
/* End PBXFileReference section */

/* Begin PBXFrameworksBuildPhase section */
		2B10359B1DBB9AE500B70C8B /* Frameworks */ = {
			isa = PBXFrameworksBuildPhase;
			buildActionMask = 2147483647;
			files = (
			);
			runOnlyForDeploymentPostprocessing = 0;
		};
		2B1035B41DBB9AE500B70C8B /* Frameworks */ = {
			isa = PBXFrameworksBuildPhase;
			buildActionMask = 2147483647;
			files = (
			);
			runOnlyForDeploymentPostprocessing = 0;
		};
		2B1035BF1DBB9AE500B70C8B /* Frameworks */ = {
			isa = PBXFrameworksBuildPhase;
			buildActionMask = 2147483647;
			files = (
			);
			runOnlyForDeploymentPostprocessing = 0;
		};
/* End PBXFrameworksBuildPhase section */

/* Begin PBXGroup section */
		2B1035951DBB9AE500B70C8B = {
			isa = PBXGroup;
			children = (
				2B1035A01DBB9AE500B70C8B /* AFNetworkingDemo */,
				2B1035BA1DBB9AE500B70C8B /* AFNetworkingDemoTests */,
				2B1035C51DBB9AE500B70C8B /* AFNetworkingDemoUITests */,
				2B10359F1DBB9AE500B70C8B /* Products */,
			);
			sourceTree = "<group>";
		};
		2B10359F1DBB9AE500B70C8B /* Products */ = {
			isa = PBXGroup;
			children = (
				2B10359E1DBB9AE500B70C8B /* AFNetworkingDemo.app */,
				2B1035B71DBB9AE500B70C8B /* AFNetworkingDemoTests.xctest */,
				2B1035C21DBB9AE500B70C8B /* AFNetworkingDemoUITests.xctest */,
			);
			name = Products;
			sourceTree = "<group>";
		};
		2B1035A01DBB9AE500B70C8B /* AFNetworkingDemo */ = {
			isa = PBXGroup;
			children = (
				2B1035A41DBB9AE500B70C8B /* AppDelegate.h */,
				2B1035A51DBB9AE500B70C8B /* AppDelegate.m */,
				2B1035A71DBB9AE500B70C8B /* ViewController.h */,
				2B1035A81DBB9AE500B70C8B /* ViewController.m */,
				2B1035AA1DBB9AE500B70C8B /* Main.storyboard */,
				2B1035AD1DBB9AE500B70C8B /* Assets.xcassets */,
				2B1035AF1DBB9AE500B70C8B /* LaunchScreen.storyboard */,
				2B1035B21DBB9AE500B70C8B /* Info.plist */,
				2B1035A11DBB9AE500B70C8B /* Supporting Files */,
			);
			path = AFNetworkingDemo;
			sourceTree = "<group>";
		};
		2B1035A11DBB9AE500B70C8B /* Supporting Files */ = {
			isa = PBXGroup;
			children = (
				2B1035A21DBB9AE500B70C8B /* main.m */,
			);
			name = "Supporting Files";
			sourceTree = "<group>";
		};
		2B1035BA1DBB9AE500B70C8B /* AFNetworkingDemoTests */ = {
			isa = PBXGroup;
			children = (
				2B1035BB1DBB9AE500B70C8B /* AFNetworkingDemoTests.m */,
				2B1035BD1DBB9AE500B70C8B /* Info.plist */,
			);
			path = AFNetworkingDemoTests;
			sourceTree = "<group>";
		};
		2B1035C51DBB9AE500B70C8B /* AFNetworkingDemoUITests */ = {
			isa = PBXGroup;
			children = (
				2B1035C61DBB9AE500B70C8B /* AFNetworkingDemoUITests.m */,
				2B1035C81DBB9AE500B70C8B /* Info.plist */,
			);
			path = AFNetworkingDemoUITests;
			sourceTree = "<group>";
		};
/* End PBXGroup section */

/* Begin PBXNativeTarget section */
		2B10359D1DBB9AE500B70C8B /* AFNetworkingDemo */ = {
			isa = PBXNativeTarget;
			buildConfigurationList = 2B1035CB1DBB9AE500B70C8B /* Build configuration list for PBXNativeTarget "AFNetworkingDemo" */;
			buildPhases = (
				2B10359A1DBB9AE500B70C8B /* Sources */,
				2B10359B1DBB9AE500B70C8B /* Frameworks */,
				2B10359C1DBB9AE500B70C8B /* Resources */,
			);
			buildRules = (
			);
			dependencies = (
			);
			name = AFNetworkingDemo;
			productName = AFNetworkingDemo;
			productReference = 2B10359E1DBB9AE500B70C8B /* AFNetworkingDemo.app */;
			productType = "com.apple.product-type.application";
		};
		2B1035B61DBB9AE500B70C8B /* AFNetworkingDemoTests */ = {
			isa = PBXNativeTarget;
			buildConfigurationList = 2B1035CE1DBB9AE500B70C8B /* Build configuration list for PBXNativeTarget "AFNetworkingDemoTests" */;
			buildPhases = (
				2B1035B31DBB9AE500B70C8B /* Sources */,
				2B1035B41DBB9AE500B70C8B /* Frameworks */,
				2B1035B51DBB9AE500B70C8B /* Resources */,
			);
			buildRules = (
			);
			dependencies = (
				2B1035B91DBB9AE500B70C8B /* PBXTargetDependency */,
			);
			name = AFNetworkingDemoTests;
			productName = AFNetworkingDemoTests;
			productReference = 2B1035B71DBB9AE500B70C8B /* AFNetworkingDemoTests.xctest */;
			productType = "com.apple.product-type.bundle.unit-test";
		};
		2B1035C11DBB9AE500B70C8B /* AFNetworkingDemoUITests */ = {
			isa = PBXNativeTarget;
			buildConfigurationList = 2B1035D11DBB9AE500B70C8B /* Build configuration list for PBXNativeTarget "AFNetworkingDemoUITests" */;
			buildPhases = (
				2B1035BE1DBB9AE500B70C8B /* Sources */,
				2B1035BF1DBB9AE500B70C8B /* Frameworks */,
				2B1035C01DBB9AE500B70C8B /* Resources */,
			);
			buildRules = (
			);
			dependencies = (
				2B1035C41DBB9AE500B70C8B /* PBXTargetDependency */,
			);
			name = AFNetworkingDemoUITests;
			productName = AFNetworkingDemoUITests;
			productReference = 2B1035C21DBB9AE500B70C8B /* AFNetworkingDemoUITests.xctest */;
			productType = "com.apple.product-type.bundle.ui-testing";
		};
/* End PBXNativeTarget section */

/* Begin PBXProject section */
		2B1035961DBB9AE500B70C8B /* Project object */ = {
			isa = PBXProject;
			attributes = {
				LastUpgradeCheck = 0730;
				ORGANIZATIONNAME = JMCompany;
				TargetAttributes = {
					2B10359D1DBB9AE500B70C8B = {
						CreatedOnToolsVersion = 7.3.1;
						DevelopmentTeam = BVTY8NB5VZ;
					};
					2B1035B61DBB9AE500B70C8B = {
						CreatedOnToolsVersion = 7.3.1;
						DevelopmentTeam = BVTY8NB5VZ;
						TestTargetID = 2B10359D1DBB9AE500B70C8B;
					};
					2B1035C11DBB9AE500B70C8B = {
						CreatedOnToolsVersion = 7.3.1;
						DevelopmentTeam = BVTY8NB5VZ;
						TestTargetID = 2B10359D1DBB9AE500B70C8B;
					};
				};
			};
			buildConfigurationList = 2B1035991DBB9AE500B70C8B /* Build configuration list for PBXProject "AFNetworkingDemo" */;
			compatibilityVersion = "Xcode 3.2";
			developmentRegion = English;
			hasScannedForEncodings = 0;
			knownRegions = (
				en,
				Base,
			);
			mainGroup = 2B1035951DBB9AE500B70C8B;
			productRefGroup = 2B10359F1DBB9AE500B70C8B /* Products */;
			projectDirPath = "";
			projectRoot = "";
			targets = (
				2B10359D1DBB9AE500B70C8B /* AFNetworkingDemo */,
				2B1035B61DBB9AE500B70C8B /* AFNetworkingDemoTests */,
				2B1035C11DBB9AE500B70C8B /* AFNetworkingDemoUITests */,
			);
		};
/* End PBXProject section */

/* Begin PBXResourcesBuildPhase section */
		2B10359C1DBB9AE500B70C8B /* Resources */ = {
			isa = PBXResourcesBuildPhase;
			buildActionMask = 2147483647;
			files = (
				2B1035B11DBB9AE500B70C8B /* LaunchScreen.storyboard in Resources */,
				2B1035AE1DBB9AE500B70C8B /* Assets.xcassets in Resources */,
				2B1035AC1DBB9AE500B70C8B /* Main.storyboard in Resources */,
			);
			runOnlyForDeploymentPostprocessing = 0;
		};
		2B1035B51DBB9AE500B70C8B /* Resources */ = {
			isa = PBXResourcesBuildPhase;
			buildActionMask = 2147483647;
			files = (
			);
			runOnlyForDeploymentPostprocessing = 0;
		};
		2B1035C01DBB9AE500B70C8B /* Resources */ = {
			isa = PBXResourcesBuildPhase;
			buildActionMask = 2147483647;
			files = (
			);
			runOnlyForDeploymentPostprocessing = 0;
		};
/* End PBXResourcesBuildPhase section */

/* Begin PBXSourcesBuildPhase section */
		2B10359A1DBB9AE500B70C8B /* Sources */ = {
			isa = PBXSourcesBuildPhase;
			buildActionMask = 2147483647;
			files = (
				2B1035A91DBB9AE500B70C8B /* ViewController.m in Sources */,
				2B1035A61DBB9AE500B70C8B /* AppDelegate.m in Sources */,
				2B1035A31DBB9AE500B70C8B /* main.m in Sources */,
			);
			runOnlyForDeploymentPostprocessing = 0;
		};
		2B1035B31DBB9AE500B70C8B /* Sources */ = {
			isa = PBXSourcesBuildPhase;
			buildActionMask = 2147483647;
			files = (
				2B1035BC1DBB9AE500B70C8B /* AFNetworkingDemoTests.m in Sources */,
			);
			runOnlyForDeploymentPostprocessing = 0;
		};
		2B1035BE1DBB9AE500B70C8B /* Sources */ = {
			isa = PBXSourcesBuildPhase;
			buildActionMask = 2147483647;
			files = (
				2B1035C71DBB9AE500B70C8B /* AFNetworkingDemoUITests.m in Sources */,
			);
			runOnlyForDeploymentPostprocessing = 0;
		};
/* End PBXSourcesBuildPhase section */

/* Begin PBXTargetDependency section */
		2B1035B91DBB9AE500B70C8B /* PBXTargetDependency */ = {
			isa = PBXTargetDependency;
			target = 2B10359D1DBB9AE500B70C8B /* AFNetworkingDemo */;
			targetProxy = 2B1035B81DBB9AE500B70C8B /* PBXContainerItemProxy */;
		};
		2B1035C41DBB9AE500B70C8B /* PBXTargetDependency */ = {
			isa = PBXTargetDependency;
			target = 2B10359D1DBB9AE500B70C8B /* AFNetworkingDemo */;
			targetProxy = 2B1035C31DBB9AE500B70C8B /* PBXContainerItemProxy */;
		};
/* End PBXTargetDependency section */

/* Begin PBXVariantGroup section */
		2B1035AA1DBB9AE500B70C8B /* Main.storyboard */ = {
			isa = PBXVariantGroup;
			children = (
				2B1035AB1DBB9AE500B70C8B /* Base */,
			);
			name = Main.storyboard;
			sourceTree = "<group>";
		};
		2B1035AF1DBB9AE500B70C8B /* LaunchScreen.storyboard */ = {
			isa = PBXVariantGroup;
			children = (
				2B1035B01DBB9AE500B70C8B /* Base */,
			);
			name = LaunchScreen.storyboard;
			sourceTree = "<group>";
		};
/* End PBXVariantGroup section */

/* Begin XCBuildConfiguration section */
		2B1035C91DBB9AE500B70C8B /* Debug */ = {
			isa = XCBuildConfiguration;
			buildSettings = {
				ALWAYS_SEARCH_USER_PATHS = NO;
				CLANG_ANALYZER_NONNULL = YES;
				CLANG_CXX_LANGUAGE_STANDARD = "gnu++0x";
				CLANG_CXX_LIBRARY = "libc++";
				CLANG_ENABLE_MODULES = YES;
				CLANG_ENABLE_OBJC_ARC = YES;
				CLANG_WARN_BOOL_CONVERSION = YES;
				CLANG_WARN_CONSTANT_CONVERSION = YES;
				CLANG_WARN_DIRECT_OBJC_ISA_USAGE = YES_ERROR;
				CLANG_WARN_EMPTY_BODY = YES;
				CLANG_WARN_ENUM_CONVERSION = YES;
				CLANG_WARN_INT_CONVERSION = YES;
				CLANG_WARN_OBJC_ROOT_CLASS = YES_ERROR;
				CLANG_WARN_UNREACHABLE_CODE = YES;
				CLANG_WARN__DUPLICATE_METHOD_MATCH = YES;
				"CODE_SIGN_IDENTITY[sdk=iphoneos*]" = "iPhone Developer";
				COPY_PHASE_STRIP = NO;
				DEBUG_INFORMATION_FORMAT = dwarf;
				ENABLE_STRICT_OBJC_MSGSEND = YES;
				ENABLE_TESTABILITY = YES;
				GCC_C_LANGUAGE_STANDARD = gnu99;
				GCC_DYNAMIC_NO_PIC = NO;
				GCC_NO_COMMON_BLOCKS = YES;
				GCC_OPTIMIZATION_LEVEL = 0;
				GCC_PREPROCESSOR_DEFINITIONS = (
					"DEBUG=1",
					"$(inherited)",
				);
				GCC_WARN_64_TO_32_BIT_CONVERSION = YES;
				GCC_WARN_ABOUT_RETURN_TYPE = YES_ERROR;
				GCC_WARN_UNDECLARED_SELECTOR = YES;
				GCC_WARN_UNINITIALIZED_AUTOS = YES_AGGRESSIVE;
				GCC_WARN_UNUSED_FUNCTION = YES;
				GCC_WARN_UNUSED_VARIABLE = YES;
				IPHONEOS_DEPLOYMENT_TARGET = 9.3;
				MTL_ENABLE_DEBUG_INFO = YES;
				ONLY_ACTIVE_ARCH = YES;
				SDKROOT = iphoneos;
				TARGETED_DEVICE_FAMILY = "1,2";
			};
			name = Debug;
		};
		2B1035CA1DBB9AE500B70C8B /* Release */ = {
			isa = XCBuildConfiguration;
			buildSettings = {
				ALWAYS_SEARCH_USER_PATHS = NO;
				CLANG_ANALYZER_NONNULL = YES;
				CLANG_CXX_LANGUAGE_STANDARD = "gnu++0x";
				CLANG_CXX_LIBRARY = "libc++";
				CLANG_ENABLE_MODULES = YES;
				CLANG_ENABLE_OBJC_ARC = YES;
				CLANG_WARN_BOOL_CONVERSION = YES;
				CLANG_WARN_CONSTANT_CONVERSION = YES;
				CLANG_WARN_DIRECT_OBJC_ISA_USAGE = YES_ERROR;
				CLANG_WARN_EMPTY_BODY = YES;
				CLANG_WARN_ENUM_CONVERSION = YES;
				CLANG_WARN_INT_CONVERSION = YES;
				CLANG_WARN_OBJC_ROOT_CLASS = YES_ERROR;
				CLANG_WARN_UNREACHABLE_CODE = YES;
				CLANG_WARN__DUPLICATE_METHOD_MATCH = YES;
				"CODE_SIGN_IDENTITY[sdk=iphoneos*]" = "iPhone Developer";
				COPY_PHASE_STRIP = NO;
				DEBUG_INFORMATION_FORMAT = "dwarf-with-dsym";
				ENABLE_NS_ASSERTIONS = NO;
				ENABLE_STRICT_OBJC_MSGSEND = YES;
				GCC_C_LANGUAGE_STANDARD = gnu99;
				GCC_NO_COMMON_BLOCKS = YES;
				GCC_WARN_64_TO_32_BIT_CONVERSION = YES;
				GCC_WARN_ABOUT_RETURN_TYPE = YES_ERROR;
				GCC_WARN_UNDECLARED_SELECTOR = YES;
				GCC_WARN_UNINITIALIZED_AUTOS = YES_AGGRESSIVE;
				GCC_WARN_UNUSED_FUNCTION = YES;
				GCC_WARN_UNUSED_VARIABLE = YES;
				IPHONEOS_DEPLOYMENT_TARGET = 9.3;
				MTL_ENABLE_DEBUG_INFO = NO;
				SDKROOT = iphoneos;
				TARGETED_DEVICE_FAMILY = "1,2";
				VALIDATE_PRODUCT = YES;
			};
			name = Release;
		};
		2B1035CC1DBB9AE500B70C8B /* Debug */ = {
			isa = XCBuildConfiguration;
			buildSettings = {
				ASSETCATALOG_COMPILER_APPICON_NAME = AppIcon;
				INFOPLIST_FILE = AFNetworkingDemo/Info.plist;
				LD_RUNPATH_SEARCH_PATHS = "$(inherited) @executable_path/Frameworks";
				PRODUCT_BUNDLE_IDENTIFIER = com.JM.company.AFNetworkingDemo;
				PRODUCT_NAME = "$(TARGET_NAME)";
			};
			name = Debug;
		};
		2B1035CD1DBB9AE500B70C8B /* Release */ = {
			isa = XCBuildConfiguration;
			buildSettings = {
				ASSETCATALOG_COMPILER_APPICON_NAME = AppIcon;
				INFOPLIST_FILE = AFNetworkingDemo/Info.plist;
				LD_RUNPATH_SEARCH_PATHS = "$(inherited) @executable_path/Frameworks";
				PRODUCT_BUNDLE_IDENTIFIER = com.JM.company.AFNetworkingDemo;
				PRODUCT_NAME = "$(TARGET_NAME)";
			};
			name = Release;
		};
		2B1035CF1DBB9AE500B70C8B /* Debug */ = {
			isa = XCBuildConfiguration;
			buildSettings = {
				BUNDLE_LOADER = "$(TEST_HOST)";
				INFOPLIST_FILE = AFNetworkingDemoTests/Info.plist;
				LD_RUNPATH_SEARCH_PATHS = "$(inherited) @executable_path/Frameworks @loader_path/Frameworks";
				PRODUCT_BUNDLE_IDENTIFIER = com.JM.company.AFNetworkingDemoTests;
				PRODUCT_NAME = "$(TARGET_NAME)";
				TEST_HOST = "$(BUILT_PRODUCTS_DIR)/AFNetworkingDemo.app/AFNetworkingDemo";
			};
			name = Debug;
		};
		2B1035D01DBB9AE500B70C8B /* Release */ = {
			isa = XCBuildConfiguration;
			buildSettings = {
				BUNDLE_LOADER = "$(TEST_HOST)";
				INFOPLIST_FILE = AFNetworkingDemoTests/Info.plist;
				LD_RUNPATH_SEARCH_PATHS = "$(inherited) @executable_path/Frameworks @loader_path/Frameworks";
				PRODUCT_BUNDLE_IDENTIFIER = com.JM.company.AFNetworkingDemoTests;
				PRODUCT_NAME = "$(TARGET_NAME)";
				TEST_HOST = "$(BUILT_PRODUCTS_DIR)/AFNetworkingDemo.app/AFNetworkingDemo";
			};
			name = Release;
		};
		2B1035D21DBB9AE500B70C8B /* Debug */ = {
			isa = XCBuildConfiguration;
			buildSettings = {
				INFOPLIST_FILE = AFNetworkingDemoUITests/Info.plist;
				LD_RUNPATH_SEARCH_PATHS = "$(inherited) @executable_path/Frameworks @loader_path/Frameworks";
				PRODUCT_BUNDLE_IDENTIFIER = com.JM.company.AFNetworkingDemoUITests;
				PRODUCT_NAME = "$(TARGET_NAME)";
				TEST_TARGET_NAME = AFNetworkingDemo;
			};
			name = Debug;
		};
		2B1035D31DBB9AE500B70C8B /* Release */ = {
			isa = XCBuildConfiguration;
			buildSettings = {
				INFOPLIST_FILE = AFNetworkingDemoUITests/Info.plist;
				LD_RUNPATH_SEARCH_PATHS = "$(inherited) @executable_path/Frameworks @loader_path/Frameworks";
				PRODUCT_BUNDLE_IDENTIFIER = com.JM.company.AFNetworkingDemoUITests;
				PRODUCT_NAME = "$(TARGET_NAME)";
				TEST_TARGET_NAME = AFNetworkingDemo;
			};
			name = Release;
		};
/* End XCBuildConfiguration section */

/* Begin XCConfigurationList section */
		2B1035991DBB9AE500B70C8B /* Build configuration list for PBXProject "AFNetworkingDemo" */ = {
			isa = XCConfigurationList;
			buildConfigurations = (
				2B1035C91DBB9AE500B70C8B /* Debug */,
				2B1035CA1DBB9AE500B70C8B /* Release */,
			);
			defaultConfigurationIsVisible = 0;
			defaultConfigurationName = Release;
		};
		2B1035CB1DBB9AE500B70C8B /* Build configuration list for PBXNativeTarget "AFNetworkingDemo" */ = {
			isa = XCConfigurationList;
			buildConfigurations = (
				2B1035CC1DBB9AE500B70C8B /* Debug */,
				2B1035CD1DBB9AE500B70C8B /* Release */,
			);
			defaultConfigurationIsVisible = 0;
		};
		2B1035CE1DBB9AE500B70C8B /* Build configuration list for PBXNativeTarget "AFNetworkingDemoTests" */ = {
			isa = XCConfigurationList;
			buildConfigurations = (
				2B1035CF1DBB9AE500B70C8B /* Debug */,
				2B1035D01DBB9AE500B70C8B /* Release */,
			);
			defaultConfigurationIsVisible = 0;
		};
		2B1035D11DBB9AE500B70C8B /* Build configuration list for PBXNativeTarget "AFNetworkingDemoUITests" */ = {
			isa = XCConfigurationList;
			buildConfigurations = (
				2B1035D21DBB9AE500B70C8B /* Debug */,
				2B1035D31DBB9AE500B70C8B /* Release */,
			);
			defaultConfigurationIsVisible = 0;
		};
/* End XCConfigurationList section */
	};
	rootObject = 2B1035961DBB9AE500B70C8B /* Project object */;
}
